// !$*UTF8*$!
{
	archiveVersion = 1;
	classes = {
	};
	objectVersion = 56;
	objects = {

/* Begin PBXBuildFile section */
		9C0EDC0329DAC61500BC0C4B /* TestPTMidasApp.swift in Sources */ = {isa = PBXBuildFile; fileRef = 9C0EDC0229DAC61500BC0C4B /* TestPTMidasApp.swift */; };
		9C0EDC0529DAC61500BC0C4B /* MainScreenView.swift in Sources */ = {isa = PBXBuildFile; fileRef = 9C0EDC0429DAC61500BC0C4B /* MainScreenView.swift */; };
		9C0EDC0729DAC61700BC0C4B /* Assets.xcassets in Resources */ = {isa = PBXBuildFile; fileRef = 9C0EDC0629DAC61700BC0C4B /* Assets.xcassets */; };
		9C0EDC0A29DAC61700BC0C4B /* Preview Assets.xcassets in Resources */ = {isa = PBXBuildFile; fileRef = 9C0EDC0929DAC61700BC0C4B /* Preview Assets.xcassets */; };
		9C0EDC0F29DAC61700BC0C4B /* TestPTMidas.xcdatamodeld in Sources */ = {isa = PBXBuildFile; fileRef = 9C0EDC0D29DAC61700BC0C4B /* TestPTMidas.xcdatamodeld */; };
		9C0EDC1729DAC63B00BC0C4B /* LoginView.swift in Sources */ = {isa = PBXBuildFile; fileRef = 9C0EDC1629DAC63B00BC0C4B /* LoginView.swift */; };
		9C0EDC1929DAC92D00BC0C4B /* RegisterView.swift in Sources */ = {isa = PBXBuildFile; fileRef = 9C0EDC1829DAC92D00BC0C4B /* RegisterView.swift */; };
		9C0EDC2129DAD19500BC0C4B /* MainScreenViewModel.swift in Sources */ = {isa = PBXBuildFile; fileRef = 9C0EDC2029DAD19500BC0C4B /* MainScreenViewModel.swift */; };
		9C0EDC2329DAD5ED00BC0C4B /* LoginViewModel.swift in Sources */ = {isa = PBXBuildFile; fileRef = 9C0EDC2229DAD5ED00BC0C4B /* LoginViewModel.swift */; };
		9C0EDC2A29DAE72100BC0C4B /* Album.swift in Sources */ = {isa = PBXBuildFile; fileRef = 9C0EDC2929DAE72100BC0C4B /* Album.swift */; };
		9C0EDC3029DB44DF00BC0C4B /* SplashView.swift in Sources */ = {isa = PBXBuildFile; fileRef = 9C0EDC2F29DB44DF00BC0C4B /* SplashView.swift */; };
		9C61D9CA29DBF31200FB259A /* CoreDataManagingClass.swift in Sources */ = {isa = PBXBuildFile; fileRef = 9C61D9C929DBF31200FB259A /* CoreDataManagingClass.swift */; };
		9C61D9CC29DBF6AF00FB259A /* EditView.swift in Sources */ = {isa = PBXBuildFile; fileRef = 9C61D9CB29DBF6AF00FB259A /* EditView.swift */; };
/* End PBXBuildFile section */

/* Begin PBXFileReference section */
		9C0EDBFF29DAC61500BC0C4B /* TestPTMidas.app */ = {isa = PBXFileReference; explicitFileType = wrapper.application; includeInIndex = 0; path = TestPTMidas.app; sourceTree = BUILT_PRODUCTS_DIR; };
		9C0EDC0229DAC61500BC0C4B /* TestPTMidasApp.swift */ = {isa = PBXFileReference; lastKnownFileType = sourcecode.swift; path = TestPTMidasApp.swift; sourceTree = "<group>"; };
		9C0EDC0429DAC61500BC0C4B /* MainScreenView.swift */ = {isa = PBXFileReference; lastKnownFileType = sourcecode.swift; path = MainScreenView.swift; sourceTree = "<group>"; };
		9C0EDC0629DAC61700BC0C4B /* Assets.xcassets */ = {isa = PBXFileReference; lastKnownFileType = folder.assetcatalog; path = Assets.xcassets; sourceTree = "<group>"; };
		9C0EDC0929DAC61700BC0C4B /* Preview Assets.xcassets */ = {isa = PBXFileReference; lastKnownFileType = folder.assetcatalog; path = "Preview Assets.xcassets"; sourceTree = "<group>"; };
		9C0EDC0E29DAC61700BC0C4B /* TestPTMidas.xcdatamodel */ = {isa = PBXFileReference; lastKnownFileType = wrapper.xcdatamodel; path = TestPTMidas.xcdatamodel; sourceTree = "<group>"; };
		9C0EDC1629DAC63B00BC0C4B /* LoginView.swift */ = {isa = PBXFileReference; lastKnownFileType = sourcecode.swift; path = LoginView.swift; sourceTree = "<group>"; };
		9C0EDC1829DAC92D00BC0C4B /* RegisterView.swift */ = {isa = PBXFileReference; lastKnownFileType = sourcecode.swift; path = RegisterView.swift; sourceTree = "<group>"; };
		9C0EDC2029DAD19500BC0C4B /* MainScreenViewModel.swift */ = {isa = PBXFileReference; lastKnownFileType = sourcecode.swift; path = MainScreenViewModel.swift; sourceTree = "<group>"; };
		9C0EDC2229DAD5ED00BC0C4B /* LoginViewModel.swift */ = {isa = PBXFileReference; lastKnownFileType = sourcecode.swift; path = LoginViewModel.swift; sourceTree = "<group>"; };
		9C0EDC2929DAE72100BC0C4B /* Album.swift */ = {isa = PBXFileReference; lastKnownFileType = sourcecode.swift; path = Album.swift; sourceTree = "<group>"; };
		9C0EDC2F29DB44DF00BC0C4B /* SplashView.swift */ = {isa = PBXFileReference; lastKnownFileType = sourcecode.swift; path = SplashView.swift; sourceTree = "<group>"; };
		9C61D9C929DBF31200FB259A /* CoreDataManagingClass.swift */ = {isa = PBXFileReference; lastKnownFileType = sourcecode.swift; path = CoreDataManagingClass.swift; sourceTree = "<group>"; };
		9C61D9CB29DBF6AF00FB259A /* EditView.swift */ = {isa = PBXFileReference; lastKnownFileType = sourcecode.swift; path = EditView.swift; sourceTree = "<group>"; };
/* End PBXFileReference section */

/* Begin PBXFrameworksBuildPhase section */
		9C0EDBFC29DAC61500BC0C4B /* Frameworks */ = {
			isa = PBXFrameworksBuildPhase;
			buildActionMask = 2147483647;
			files = (
			);
			runOnlyForDeploymentPostprocessing = 0;
		};
/* End PBXFrameworksBuildPhase section */

/* Begin PBXGroup section */
		9C0EDBF629DAC61500BC0C4B = {
			isa = PBXGroup;
			children = (
				9C0EDC0129DAC61500BC0C4B /* TestPTMidas */,
				9C0EDC0029DAC61500BC0C4B /* Products */,
			);
			sourceTree = "<group>";
		};
		9C0EDC0029DAC61500BC0C4B /* Products */ = {
			isa = PBXGroup;
			children = (
				9C0EDBFF29DAC61500BC0C4B /* TestPTMidas.app */,
			);
			name = Products;
			sourceTree = "<group>";
		};
		9C0EDC0129DAC61500BC0C4B /* TestPTMidas */ = {
			isa = PBXGroup;
			children = (
				9C0EDC2829DAE71300BC0C4B /* Models */,
				9C0EDC1A29DACB9C00BC0C4B /* Manager */,
				9C0EDC1529DAC63300BC0C4B /* View */,
				9C0EDC1D29DACDAB00BC0C4B /* ViewModel */,
				9C0EDC0629DAC61700BC0C4B /* Assets.xcassets */,
				9C0EDC0229DAC61500BC0C4B /* TestPTMidasApp.swift */,
				9C0EDC0D29DAC61700BC0C4B /* TestPTMidas.xcdatamodeld */,
				9C0EDC0829DAC61700BC0C4B /* Preview Content */,
			);
			path = TestPTMidas;
			sourceTree = "<group>";
		};
		9C0EDC0829DAC61700BC0C4B /* Preview Content */ = {
			isa = PBXGroup;
			children = (
				9C0EDC0929DAC61700BC0C4B /* Preview Assets.xcassets */,
			);
			path = "Preview Content";
			sourceTree = "<group>";
		};
		9C0EDC1529DAC63300BC0C4B /* View */ = {
			isa = PBXGroup;
			children = (
				9C0EDC1629DAC63B00BC0C4B /* LoginView.swift */,
				9C0EDC1829DAC92D00BC0C4B /* RegisterView.swift */,
				9C0EDC0429DAC61500BC0C4B /* MainScreenView.swift */,
				9C0EDC2F29DB44DF00BC0C4B /* SplashView.swift */,
				9C61D9CB29DBF6AF00FB259A /* EditView.swift */,
			);
			path = View;
			sourceTree = "<group>";
		};
		9C0EDC1A29DACB9C00BC0C4B /* Manager */ = {
			isa = PBXGroup;
			children = (
				9C61D9C929DBF31200FB259A /* CoreDataManagingClass.swift */,
			);
			path = Manager;
			sourceTree = "<group>";
		};
		9C0EDC1D29DACDAB00BC0C4B /* ViewModel */ = {
			isa = PBXGroup;
			children = (
				9C0EDC2029DAD19500BC0C4B /* MainScreenViewModel.swift */,
				9C0EDC2229DAD5ED00BC0C4B /* LoginViewModel.swift */,
			);
			path = ViewModel;
			sourceTree = "<group>";
		};
		9C0EDC2829DAE71300BC0C4B /* Models */ = {
			isa = PBXGroup;
			children = (
				9C0EDC2929DAE72100BC0C4B /* Album.swift */,
			);
			path = Models;
			sourceTree = "<group>";
		};
/* End PBXGroup section */

/* Begin PBXNativeTarget section */
		9C0EDBFE29DAC61500BC0C4B /* TestPTMidas */ = {
			isa = PBXNativeTarget;
			buildConfigurationList = 9C0EDC1229DAC61700BC0C4B /* Build configuration list for PBXNativeTarget "TestPTMidas" */;
			buildPhases = (
				9C0EDBFB29DAC61500BC0C4B /* Sources */,
				9C0EDBFC29DAC61500BC0C4B /* Frameworks */,
				9C0EDBFD29DAC61500BC0C4B /* Resources */,
			);
			buildRules = (
			);
			dependencies = (
			);
			name = TestPTMidas;
			productName = TestPTMidas;
			productReference = 9C0EDBFF29DAC61500BC0C4B /* TestPTMidas.app */;
			productType = "com.apple.product-type.application";
		};
/* End PBXNativeTarget section */

/* Begin PBXProject section */
		9C0EDBF729DAC61500BC0C4B /* Project object */ = {
			isa = PBXProject;
			attributes = {
				BuildIndependentTargetsInParallel = 1;
				LastSwiftUpdateCheck = 1400;
				LastUpgradeCheck = 1400;
				TargetAttributes = {
					9C0EDBFE29DAC61500BC0C4B = {
						CreatedOnToolsVersion = 14.0;
					};
				};
			};
			buildConfigurationList = 9C0EDBFA29DAC61500BC0C4B /* Build configuration list for PBXProject "TestPTMidas" */;
			compatibilityVersion = "Xcode 14.0";
			developmentRegion = en;
			hasScannedForEncodings = 0;
			knownRegions = (
				en,
				Base,
			);
			mainGroup = 9C0EDBF629DAC61500BC0C4B;
			productRefGroup = 9C0EDC0029DAC61500BC0C4B /* Products */;
			projectDirPath = "";
			projectRoot = "";
			targets = (
				9C0EDBFE29DAC61500BC0C4B /* TestPTMidas */,
			);
		};
/* End PBXProject section */

/* Begin PBXResourcesBuildPhase section */
		9C0EDBFD29DAC61500BC0C4B /* Resources */ = {
			isa = PBXResourcesBuildPhase;
			buildActionMask = 2147483647;
			files = (
				9C0EDC0A29DAC61700BC0C4B /* Preview Assets.xcassets in Resources */,
				9C0EDC0729DAC61700BC0C4B /* Assets.xcassets in Resources */,
			);
			runOnlyForDeploymentPostprocessing = 0;
		};
/* End PBXResourcesBuildPhase section */

/* Begin PBXSourcesBuildPhase section */
		9C0EDBFB29DAC61500BC0C4B /* Sources */ = {
			isa = PBXSourcesBuildPhase;
			buildActionMask = 2147483647;
			files = (
				9C0EDC0529DAC61500BC0C4B /* MainScreenView.swift in Sources */,
				9C61D9CA29DBF31200FB259A /* CoreDataManagingClass.swift in Sources */,
				9C0EDC0F29DAC61700BC0C4B /* TestPTMidas.xcdatamodeld in Sources */,
				9C61D9CC29DBF6AF00FB259A /* EditView.swift in Sources */,
				9C0EDC1929DAC92D00BC0C4B /* RegisterView.swift in Sources */,
				9C0EDC3029DB44DF00BC0C4B /* SplashView.swift in Sources */,
				9C0EDC2129DAD19500BC0C4B /* MainScreenViewModel.swift in Sources */,
				9C0EDC1729DAC63B00BC0C4B /* LoginView.swift in Sources */,
				9C0EDC2329DAD5ED00BC0C4B /* LoginViewModel.swift in Sources */,
				9C0EDC0329DAC61500BC0C4B /* TestPTMidasApp.swift in Sources */,
				9C0EDC2A29DAE72100BC0C4B /* Album.swift in Sources */,
			);
			runOnlyForDeploymentPostprocessing = 0;
		};
/* End PBXSourcesBuildPhase section */

/* Begin XCBuildConfiguration section */
		9C0EDC1029DAC61700BC0C4B /* Debug */ = {
			isa = XCBuildConfiguration;
			buildSettings = {
				ALWAYS_SEARCH_USER_PATHS = NO;
				CLANG_ANALYZER_NONNULL = YES;
				CLANG_ANALYZER_NUMBER_OBJECT_CONVERSION = YES_AGGRESSIVE;
				CLANG_CXX_LANGUAGE_STANDARD = "gnu++20";
				CLANG_ENABLE_MODULES = YES;
				CLANG_ENABLE_OBJC_ARC = YES;
				CLANG_ENABLE_OBJC_WEAK = YES;
				CLANG_WARN_BLOCK_CAPTURE_AUTORELEASING = YES;
				CLANG_WARN_BOOL_CONVERSION = YES;
				CLANG_WARN_COMMA = YES;
				CLANG_WARN_CONSTANT_CONVERSION = YES;
				CLANG_WARN_DEPRECATED_OBJC_IMPLEMENTATIONS = YES;
				CLANG_WARN_DIRECT_OBJC_ISA_USAGE = YES_ERROR;
				CLANG_WARN_DOCUMENTATION_COMMENTS = YES;
				CLANG_WARN_EMPTY_BODY = YES;
				CLANG_WARN_ENUM_CONVERSION = YES;
				CLANG_WARN_INFINITE_RECURSION = YES;
				CLANG_WARN_INT_CONVERSION = YES;
				CLANG_WARN_NON_LITERAL_NULL_CONVERSION = YES;
				CLANG_WARN_OBJC_IMPLICIT_RETAIN_SELF = YES;
				CLANG_WARN_OBJC_LITERAL_CONVERSION = YES;
				CLANG_WARN_OBJC_ROOT_CLASS = YES_ERROR;
				CLANG_WARN_QUOTED_INCLUDE_IN_FRAMEWORK_HEADER = YES;
				CLANG_WARN_RANGE_LOOP_ANALYSIS = YES;
				CLANG_WARN_STRICT_PROTOTYPES = YES;
				CLANG_WARN_SUSPICIOUS_MOVE = YES;
				CLANG_WARN_UNGUARDED_AVAILABILITY = YES_AGGRESSIVE;
				CLANG_WARN_UNREACHABLE_CODE = YES;
				CLANG_WARN__DUPLICATE_METHOD_MATCH = YES;
				COPY_PHASE_STRIP = NO;
				DEBUG_INFORMATION_FORMAT = dwarf;
				ENABLE_STRICT_OBJC_MSGSEND = YES;
				ENABLE_TESTABILITY = YES;
				GCC_C_LANGUAGE_STANDARD = gnu11;
				GCC_DYNAMIC_NO_PIC = NO;
				GCC_NO_COMMON_BLOCKS = YES;
				GCC_OPTIMIZATION_LEVEL = 0;
				GCC_PREPROCESSOR_DEFINITIONS = (
					"DEBUG=1",
					"$(inherited)",
				);
				GCC_WARN_64_TO_32_BIT_CONVERSION = YES;
				GCC_WARN_ABOUT_RETURN_TYPE = YES_ERROR;
				GCC_WARN_UNDECLARED_SELECTOR = YES;
				GCC_WARN_UNINITIALIZED_AUTOS = YES_AGGRESSIVE;
				GCC_WARN_UNUSED_FUNCTION = YES;
				GCC_WARN_UNUSED_VARIABLE = YES;
				IPHONEOS_DEPLOYMENT_TARGET = 16.0;
				MTL_ENABLE_DEBUG_INFO = INCLUDE_SOURCE;
				MTL_FAST_MATH = YES;
				ONLY_ACTIVE_ARCH = YES;
				SDKROOT = iphoneos;
				SWIFT_ACTIVE_COMPILATION_CONDITIONS = DEBUG;
				SWIFT_OPTIMIZATION_LEVEL = "-Onone";
			};
			name = Debug;
		};
		9C0EDC1129DAC61700BC0C4B /* Release */ = {
			isa = XCBuildConfiguration;
			buildSettings = {
				ALWAYS_SEARCH_USER_PATHS = NO;
				CLANG_ANALYZER_NONNULL = YES;
				CLANG_ANALYZER_NUMBER_OBJECT_CONVERSION = YES_AGGRESSIVE;
				CLANG_CXX_LANGUAGE_STANDARD = "gnu++20";
				CLANG_ENABLE_MODULES = YES;
				CLANG_ENABLE_OBJC_ARC = YES;
				CLANG_ENABLE_OBJC_WEAK = YES;
				CLANG_WARN_BLOCK_CAPTURE_AUTORELEASING = YES;
				CLANG_WARN_BOOL_CONVERSION = YES;
				CLANG_WARN_COMMA = YES;
				CLANG_WARN_CONSTANT_CONVERSION = YES;
				CLANG_WARN_DEPRECATED_OBJC_IMPLEMENTATIONS = YES;
				CLANG_WARN_DIRECT_OBJC_ISA_USAGE = YES_ERROR;
				CLANG_WARN_DOCUMENTATION_COMMENTS = YES;
				CLANG_WARN_EMPTY_BODY = YES;
				CLANG_WARN_ENUM_CONVERSION = YES;
				CLANG_WARN_INFINITE_RECURSION = YES;
				CLANG_WARN_INT_CONVERSION = YES;
				CLANG_WARN_NON_LITERAL_NULL_CONVERSION = YES;
				CLANG_WARN_OBJC_IMPLICIT_RETAIN_SELF = YES;
				CLANG_WARN_OBJC_LITERAL_CONVERSION = YES;
				CLANG_WARN_OBJC_ROOT_CLASS = YES_ERROR;
				CLANG_WARN_QUOTED_INCLUDE_IN_FRAMEWORK_HEADER = YES;
				CLANG_WARN_RANGE_LOOP_ANALYSIS = YES;
				CLANG_WARN_STRICT_PROTOTYPES = YES;
				CLANG_WARN_SUSPICIOUS_MOVE = YES;
				CLANG_WARN_UNGUARDED_AVAILABILITY = YES_AGGRESSIVE;
				CLANG_WARN_UNREACHABLE_CODE = YES;
				CLANG_WARN__DUPLICATE_METHOD_MATCH = YES;
				COPY_PHASE_STRIP = NO;
				DEBUG_INFORMATION_FORMAT = "dwarf-with-dsym";
				ENABLE_NS_ASSERTIONS = NO;
				ENABLE_STRICT_OBJC_MSGSEND = YES;
				GCC_C_LANGUAGE_STANDARD = gnu11;
				GCC_NO_COMMON_BLOCKS = YES;
				GCC_WARN_64_TO_32_BIT_CONVERSION = YES;
				GCC_WARN_ABOUT_RETURN_TYPE = YES_ERROR;
				GCC_WARN_UNDECLARED_SELECTOR = YES;
				GCC_WARN_UNINITIALIZED_AUTOS = YES_AGGRESSIVE;
				GCC_WARN_UNUSED_FUNCTION = YES;
				GCC_WARN_UNUSED_VARIABLE = YES;
				IPHONEOS_DEPLOYMENT_TARGET = 16.0;
				MTL_ENABLE_DEBUG_INFO = NO;
				MTL_FAST_MATH = YES;
				SDKROOT = iphoneos;
				SWIFT_COMPILATION_MODE = wholemodule;
				SWIFT_OPTIMIZATION_LEVEL = "-O";
				VALIDATE_PRODUCT = YES;
			};
			name = Release;
		};
		9C0EDC1329DAC61700BC0C4B /* Debug */ = {
			isa = XCBuildConfiguration;
			buildSettings = {
				ASSETCATALOG_COMPILER_APPICON_NAME = AppIcon;
				ASSETCATALOG_COMPILER_GLOBAL_ACCENT_COLOR_NAME = AccentColor;
				CODE_SIGN_STYLE = Automatic;
				CURRENT_PROJECT_VERSION = 1;
				DEVELOPMENT_ASSET_PATHS = "\"TestPTMidas/Preview Content\"";
				DEVELOPMENT_TEAM = "";
				ENABLE_PREVIEWS = YES;
				GENERATE_INFOPLIST_FILE = YES;
				INFOPLIST_KEY_UIApplicationSceneManifest_Generation = YES;
				INFOPLIST_KEY_UIApplicationSupportsIndirectInputEvents = YES;
				INFOPLIST_KEY_UILaunchScreen_Generation = YES;
				INFOPLIST_KEY_UISupportedInterfaceOrientations_iPad = "UIInterfaceOrientationPortrait UIInterfaceOrientationPortraitUpsideDown UIInterfaceOrientationLandscapeLeft UIInterfaceOrientationLandscapeRight";
				INFOPLIST_KEY_UISupportedInterfaceOrientations_iPhone = "UIInterfaceOrientationPortrait UIInterfaceOrientationLandscapeLeft UIInterfaceOrientationLandscapeRight";
				LD_RUNPATH_SEARCH_PATHS = (
					"$(inherited)",
					"@executable_path/Frameworks",
				);
				MARKETING_VERSION = 1.0;
				PRODUCT_BUNDLE_IDENTIFIER = com.trevincen.TestPTMidas;
				PRODUCT_NAME = "$(TARGET_NAME)";
				SWIFT_EMIT_LOC_STRINGS = YES;
				SWIFT_VERSION = 5.0;
				TARGETED_DEVICE_FAMILY = "1,2";
			};
			name = Debug;
		};
		9C0EDC1429DAC61700BC0C4B /* Release */ = {
			isa = XCBuildConfiguration;
			buildSettings = {
				ASSETCATALOG_COMPILER_APPICON_NAME = AppIcon;
				ASSETCATALOG_COMPILER_GLOBAL_ACCENT_COLOR_NAME = AccentColor;
				CODE_SIGN_STYLE = Automatic;
				CURRENT_PROJECT_VERSION = 1;
				DEVELOPMENT_ASSET_PATHS = "\"TestPTMidas/Preview Content\"";
				DEVELOPMENT_TEAM = "";
				ENABLE_PREVIEWS = YES;
				GENERATE_INFOPLIST_FILE = YES;
				INFOPLIST_KEY_UIApplicationSceneManifest_Generation = YES;
				INFOPLIST_KEY_UIApplicationSupportsIndirectInputEvents = YES;
				INFOPLIST_KEY_UILaunchScreen_Generation = YES;
				INFOPLIST_KEY_UISupportedInterfaceOrientations_iPad = "UIInterfaceOrientationPortrait UIInterfaceOrientationPortraitUpsideDown UIInterfaceOrientationLandscapeLeft UIInterfaceOrientationLandscapeRight";
				INFOPLIST_KEY_UISupportedInterfaceOrientations_iPhone = "UIInterfaceOrientationPortrait UIInterfaceOrientationLandscapeLeft UIInterfaceOrientationLandscapeRight";
				LD_RUNPATH_SEARCH_PATHS = (
					"$(inherited)",
					"@executable_path/Frameworks",
				);
				MARKETING_VERSION = 1.0;
				PRODUCT_BUNDLE_IDENTIFIER = com.trevincen.TestPTMidas;
				PRODUCT_NAME = "$(TARGET_NAME)";
				SWIFT_EMIT_LOC_STRINGS = YES;
				SWIFT_VERSION = 5.0;
				TARGETED_DEVICE_FAMILY = "1,2";
			};
			name = Release;
		};
/* End XCBuildConfiguration section */

/* Begin XCConfigurationList section */
		9C0EDBFA29DAC61500BC0C4B /* Build configuration list for PBXProject "TestPTMidas" */ = {
			isa = XCConfigurationList;
			buildConfigurations = (
				9C0EDC1029DAC61700BC0C4B /* Debug */,
				9C0EDC1129DAC61700BC0C4B /* Release */,
			);
			defaultConfigurationIsVisible = 0;
			defaultConfigurationName = Release;
		};
		9C0EDC1229DAC61700BC0C4B /* Build configuration list for PBXNativeTarget "TestPTMidas" */ = {
			isa = XCConfigurationList;
			buildConfigurations = (
				9C0EDC1329DAC61700BC0C4B /* Debug */,
				9C0EDC1429DAC61700BC0C4B /* Release */,
			);
			defaultConfigurationIsVisible = 0;
			defaultConfigurationName = Release;
		};
/* End XCConfigurationList section */

/* Begin XCVersionGroup section */
		9C0EDC0D29DAC61700BC0C4B /* TestPTMidas.xcdatamodeld */ = {
			isa = XCVersionGroup;
			children = (
				9C0EDC0E29DAC61700BC0C4B /* TestPTMidas.xcdatamodel */,
			);
			currentVersion = 9C0EDC0E29DAC61700BC0C4B /* TestPTMidas.xcdatamodel */;
			path = TestPTMidas.xcdatamodeld;
			sourceTree = "<group>";
			versionGroupType = wrapper.xcdatamodel;
		};
/* End XCVersionGroup section */
	};
	rootObject = 9C0EDBF729DAC61500BC0C4B /* Project object */;
}
